Microsoft Visual Studio Solution File, Format Version 12.00
# Visual Studio Version 16
VisualStudioVersion = 16.0.29806.167
MinimumVisualStudioVersion = 10.0.40219.1
Project("{9A19103F-16F7-4668-BE54-9A1E7A4F7556}") = "HotlineKatalog", "HotlineKatalog\HotlineKatalog.csproj", "{A5B0BF4C-8363-4906-8FCE-7EA1D40AFE03}"
EndProject
Project("{9A19103F-16F7-4668-BE54-9A1E7A4F7556}") = "HotlineKatalog.Services", "HotlineKatalog.Service\HotlineKatalog.Services.csproj", "{7C59AEA1-D215-4DB5-BCA2-84F019C364F2}"
EndProject
Project("{9A19103F-16F7-4668-BE54-9A1E7A4F7556}") = "HotlineKatalog.Models", "HotlineKatalog.Model\HotlineKatalog.Models.csproj", "{ABD706A4-7A4F-4A76-8394-FE7778FBD9DE}"
EndProject
Project("{FAE04EC0-301F-11D3-BF4B-00C04F79EFBC}") = "HotlineKatalog.Websockets", "HotlineKatalog.Websockets\HotlineKatalog.Websockets.csproj", "{AC36001F-859C-444F-9037-37FB790C0BAA}"
EndProject
Project("{FAE04EC0-301F-11D3-BF4B-00C04F79EFBC}") = "HotlineKatalog.Common", "HotlineCataloge.Common\HotlineKatalog.Common.csproj", "{B38F2446-28BC-4735-A1C9-70B0ED4C8B4C}"
EndProject
Project("{FAE04EC0-301F-11D3-BF4B-00C04F79EFBC}") = "HotlineKatalog.DAL", "HotlineKatalog.DAL\HotlineKatalog.DAL.csproj", "{2017F17A-E53F-4478-B26C-7863439BE805}"
EndProject
Project("{FAE04EC0-301F-11D3-BF4B-00C04F79EFBC}") = "HotlineKatalog.Domain", "HotlineKatalog.Domain\HotlineKatalog.Domain.csproj", "{6D871490-AE73-408B-AF33-C3558A33D2E8}"
EndProject
Global
	GlobalSection(SolutionConfigurationPlatforms) = preSolution
		Debug|Any CPU = Debug|Any CPU
		Release|Any CPU = Release|Any CPU
	EndGlobalSection
	GlobalSection(ProjectConfigurationPlatforms) = postSolution
		{A5B0BF4C-8363-4906-8FCE-7EA1D40AFE03}.Debug|Any CPU.ActiveCfg = Debug|Any CPU
		{A5B0BF4C-8363-4906-8FCE-7EA1D40AFE03}.Debug|Any CPU.Build.0 = Debug|Any CPU
		{A5B0BF4C-8363-4906-8FCE-7EA1D40AFE03}.Release|Any CPU.ActiveCfg = Release|Any CPU
		{A5B0BF4C-8363-4906-8FCE-7EA1D40AFE03}.Release|Any CPU.Build.0 = Release|Any CPU
		{7C59AEA1-D215-4DB5-BCA2-84F019C364F2}.Debug|Any CPU.ActiveCfg = Debug|Any CPU
		{7C59AEA1-D215-4DB5-BCA2-84F019C364F2}.Debug|Any CPU.Build.0 = Debug|Any CPU
		{7C59AEA1-D215-4DB5-BCA2-84F019C364F2}.Release|Any CPU.ActiveCfg = Release|Any CPU
		{7C59AEA1-D215-4DB5-BCA2-84F019C364F2}.Release|Any CPU.Build.0 = Release|Any CPU
		{ABD706A4-7A4F-4A76-8394-FE7778FBD9DE}.Debug|Any CPU.ActiveCfg = Debug|Any CPU
		{ABD706A4-7A4F-4A76-8394-FE7778FBD9DE}.Debug|Any CPU.Build.0 = Debug|Any CPU
		{ABD706A4-7A4F-4A76-8394-FE7778FBD9DE}.Release|Any CPU.ActiveCfg = Release|Any CPU
		{ABD706A4-7A4F-4A76-8394-FE7778FBD9DE}.Release|Any CPU.Build.0 = Release|Any CPU
		{AC36001F-859C-444F-9037-37FB790C0BAA}.Debug|Any CPU.ActiveCfg = Debug|Any CPU
		{AC36001F-859C-444F-9037-37FB790C0BAA}.Debug|Any CPU.Build.0 = Debug|Any CPU
		{AC36001F-859C-444F-9037-37FB790C0BAA}.Release|Any CPU.ActiveCfg = Release|Any CPU
		{AC36001F-859C-444F-9037-37FB790C0BAA}.Release|Any CPU.Build.0 = Release|Any CPU
		{B38F2446-28BC-4735-A1C9-70B0ED4C8B4C}.Debug|Any CPU.ActiveCfg = Debug|Any CPU
		{B38F2446-28BC-4735-A1C9-70B0ED4C8B4C}.Debug|Any CPU.Build.0 = Debug|Any CPU
		{B38F2446-28BC-4735-A1C9-70B0ED4C8B4C}.Release|Any CPU.ActiveCfg = Release|Any CPU
		{B38F2446-28BC-4735-A1C9-70B0ED4C8B4C}.Release|Any CPU.Build.0 = Release|Any CPU
		{2017F17A-E53F-4478-B26C-7863439BE805}.Debug|Any CPU.ActiveCfg = Debug|Any CPU
		{2017F17A-E53F-4478-B26C-7863439BE805}.Debug|Any CPU.Build.0 = Debug|Any CPU
		{2017F17A-E53F-4478-B26C-7863439BE805}.Release|Any CPU.ActiveCfg = Release|Any CPU
		{2017F17A-E53F-4478-B26C-7863439BE805}.Release|Any CPU.Build.0 = Release|Any CPU
		{6D871490-AE73-408B-AF33-C3558A33D2E8}.Debug|Any CPU.ActiveCfg = Debug|Any CPU
		{6D871490-AE73-408B-AF33-C3558A33D2E8}.Debug|Any CPU.Build.0 = Debug|Any CPU
		{6D871490-AE73-408B-AF33-C3558A33D2E8}.Release|Any CPU.ActiveCfg = Release|Any CPU
		{6D871490-AE73-408B-AF33-C3558A33D2E8}.Release|Any CPU.Build.0 = Release|Any CPU
	EndGlobalSection
	GlobalSection(SolutionProperties) = preSolution
		HideSolutionNode = FALSE
	EndGlobalSection
	GlobalSection(ExtensibilityGlobals) = postSolution
		SolutionGuid = {54CE7D7B-68D3-4E75-8427-50DA691A63EF}
	EndGlobalSection
EndGlobal
